
Microsoft Visual Studio Solution File, Format Version 12.00
# Visual Studio Version 17
VisualStudioVersion = 17.10.34916.146
MinimumVisualStudioVersion = 10.0.40219.1
Project("{9A19103F-16F7-4668-BE54-9A1E7A4F7556}") = "MyBasket.Web", "MyBasket.Web\MyBasket.Web.csproj", "{1F7A42ED-CC07-426A-ABDB-7E32AAFDF4B9}"
EndProject
Project("{9A19103F-16F7-4668-BE54-9A1E7A4F7556}") = "MyBasket.Domain", "MyBasket.Domain\MyBasket.Domain.csproj", "{6139BC03-C662-46BC-9A0A-64A24C74B163}"
EndProject
Project("{9A19103F-16F7-4668-BE54-9A1E7A4F7556}") = "MyBasket.Infrastructure", "MyBasket.Infrastructure\MyBasket.Infrastructure.csproj", "{89146FBF-F3C5-4042-8632-B2E9D282E0E5}"
EndProject
Project("{FAE04EC0-301F-11D3-BF4B-00C04F79EFBC}") = "MyBasket.Utilities", "MyBasket.Utilities\MyBasket.Utilities.csproj", "{4D7513B4-0D08-4228-A1FE-4DF6CE6C6B4F}"
EndProject
Global
	GlobalSection(SolutionConfigurationPlatforms) = preSolution
		Debug|Any CPU = Debug|Any CPU
		Release|Any CPU = Release|Any CPU
	EndGlobalSection
	GlobalSection(ProjectConfigurationPlatforms) = postSolution
		{1F7A42ED-CC07-426A-ABDB-7E32AAFDF4B9}.Debug|Any CPU.ActiveCfg = Debug|Any CPU
		{1F7A42ED-CC07-426A-ABDB-7E32AAFDF4B9}.Debug|Any CPU.Build.0 = Debug|Any CPU
		{1F7A42ED-CC07-426A-ABDB-7E32AAFDF4B9}.Release|Any CPU.ActiveCfg = Release|Any CPU
		{1F7A42ED-CC07-426A-ABDB-7E32AAFDF4B9}.Release|Any CPU.Build.0 = Release|Any CPU
		{6139BC03-C662-46BC-9A0A-64A24C74B163}.Debug|Any CPU.ActiveCfg = Debug|Any CPU
		{6139BC03-C662-46BC-9A0A-64A24C74B163}.Debug|Any CPU.Build.0 = Debug|Any CPU
		{6139BC03-C662-46BC-9A0A-64A24C74B163}.Release|Any CPU.ActiveCfg = Release|Any CPU
		{6139BC03-C662-46BC-9A0A-64A24C74B163}.Release|Any CPU.Build.0 = Release|Any CPU
		{89146FBF-F3C5-4042-8632-B2E9D282E0E5}.Debug|Any CPU.ActiveCfg = Debug|Any CPU
		{89146FBF-F3C5-4042-8632-B2E9D282E0E5}.Debug|Any CPU.Build.0 = Debug|Any CPU
		{89146FBF-F3C5-4042-8632-B2E9D282E0E5}.Release|Any CPU.ActiveCfg = Release|Any CPU
		{89146FBF-F3C5-4042-8632-B2E9D282E0E5}.Release|Any CPU.Build.0 = Release|Any CPU
		{4D7513B4-0D08-4228-A1FE-4DF6CE6C6B4F}.Debug|Any CPU.ActiveCfg = Debug|Any CPU
		{4D7513B4-0D08-4228-A1FE-4DF6CE6C6B4F}.Debug|Any CPU.Build.0 = Debug|Any CPU
		{4D7513B4-0D08-4228-A1FE-4DF6CE6C6B4F}.Release|Any CPU.ActiveCfg = Release|Any CPU
		{4D7513B4-0D08-4228-A1FE-4DF6CE6C6B4F}.Release|Any CPU.Build.0 = Release|Any CPU
	EndGlobalSection
	GlobalSection(SolutionProperties) = preSolution
		HideSolutionNode = FALSE
	EndGlobalSection
	GlobalSection(ExtensibilityGlobals) = postSolution
		SolutionGuid = {CADE21A1-D592-4FFF-9EA3-3190BD225314}
	EndGlobalSection
EndGlobal
